
Microsoft Visual Studio Solution File, Format Version 12.00
# Visual Studio Version 16
VisualStudioVersion = 16.0.29424.173
MinimumVisualStudioVersion = 10.0.40219.1
Project("{9A19103F-16F7-4668-BE54-9A1E7A4F7556}") = "Ngine.CommandLine", "Ngine.CommandLine\Ngine.CommandLine.csproj", "{0B65DE82-0249-45B6-913B-9F3938A5D15F}"
EndProject
Project("{2150E333-8FDC-42A3-9474-1A3956D46DE8}") = "Domain", "Domain", "{7CFC7C26-EDB7-4B82-948C-6CB52A26BE1B}"
EndProject
Project("{6EC3EE1D-3C4E-46DD-8F32-0CC8E7565705}") = "Ngine.Domain", "Ngine.Domain\Ngine.Domain.fsproj", "{4652837F-C04F-4CDB-82A6-9DA5FBFBEA64}"
EndProject
Project("{6EC3EE1D-3C4E-46DD-8F32-0CC8E7565705}") = "Ngine.Backend", "Ngine.Backend\Ngine.Backend.fsproj", "{0004C632-7B8C-4B8C-9466-22CA8A3DF4BB}"
EndProject
Project("{2150E333-8FDC-42A3-9474-1A3956D46DE8}") = "Internal", "Internal", "{149A0717-EF28-4A3F-9489-DA3D7EADCBE5}"
EndProject
Project("{9A19103F-16F7-4668-BE54-9A1E7A4F7556}") = "Ngine.Backend.Resources", "Ngine.Backend.Resources\Ngine.Backend.Resources.csproj", "{9C522A7E-98C5-491D-89E4-860B8C53FB0E}"
EndProject
Project("{888888A0-9F3D-457C-B088-3A5042F75D52}") = "Ngine.Backend.Python", "Ngine.Backend.Python\Ngine.Backend.Python.pyproj", "{ADF1B8C1-ECF8-4B91-AC50-1F21DFF0AC03}"
EndProject
Project("{2150E333-8FDC-42A3-9474-1A3956D46DE8}") = "Application", "Application", "{CB3932DF-FD92-401F-A89E-3C89366EEA16}"
EndProject
Project("{9A19103F-16F7-4668-BE54-9A1E7A4F7556}") = "NgineUI.ViewModels", "NgineUI.ViewModels\NgineUI.ViewModels.csproj", "{0B77FD9C-8078-41DD-96AF-1745EC7AC34F}"
EndProject
Project("{6EC3EE1D-3C4E-46DD-8F32-0CC8E7565705}") = "NgineUI.ViewModels.Functional", "NgineUI.ViewModels.Functional\NgineUI.ViewModels.Functional.fsproj", "{E71FDB41-A75C-4DB5-A881-9D407CDA18E9}"
EndProject
Project("{9A19103F-16F7-4668-BE54-9A1E7A4F7556}") = "NgineUI.App", "NgineUI.App\NgineUI.App.csproj", "{7A0141E0-52B8-4A38-994D-7B2D3B41E94E}"
EndProject
Project("{9A19103F-16F7-4668-BE54-9A1E7A4F7556}") = "Ngine.Infrastructure", "Ngine.Infrastructure\Ngine.Infrastructure.csproj", "{E8D09810-1603-4142-AC4C-88700EC1A389}"
EndProject
Project("{2150E333-8FDC-42A3-9474-1A3956D46DE8}") = "Dependencies", "Dependencies", "{042D9792-4F81-4DC9-B641-BDBB56E167D2}"
EndProject
Project("{2150E333-8FDC-42A3-9474-1A3956D46DE8}") = "NodeNetwork", "NodeNetwork", "{F601CF11-463F-4EDB-8804-9B7EFC4B750F}"
EndProject
Project("{9A19103F-16F7-4668-BE54-9A1E7A4F7556}") = "NodeNetwork", "..\deps\NodeNetwork\NodeNetwork\NodeNetwork.csproj", "{9D3990EA-5CC2-45B5-AEEC-9F56E2223670}"
EndProject
Project("{9A19103F-16F7-4668-BE54-9A1E7A4F7556}") = "NodeNetworkToolkit", "..\deps\NodeNetwork\NodeNetworkToolkit\NodeNetworkToolkit.csproj", "{B946D7AF-4BF5-424F-B372-060DCD37FBA3}"
EndProject
Project("{F2A71F9B-5D33-465A-A702-920D77279786}") = "Ngine.Tests", "Ngine.Tests\Ngine.Tests.fsproj", "{2708DD81-9C06-422A-A135-C2478E9A7B27}"
EndProject
Global
	GlobalSection(SolutionConfigurationPlatforms) = preSolution
		Debug|Any CPU = Debug|Any CPU
		Release|Any CPU = Release|Any CPU
	EndGlobalSection
	GlobalSection(ProjectConfigurationPlatforms) = postSolution
		{0B65DE82-0249-45B6-913B-9F3938A5D15F}.Debug|Any CPU.ActiveCfg = Debug|Any CPU
		{0B65DE82-0249-45B6-913B-9F3938A5D15F}.Debug|Any CPU.Build.0 = Debug|Any CPU
		{0B65DE82-0249-45B6-913B-9F3938A5D15F}.Release|Any CPU.ActiveCfg = Release|Any CPU
		{0B65DE82-0249-45B6-913B-9F3938A5D15F}.Release|Any CPU.Build.0 = Release|Any CPU
		{4652837F-C04F-4CDB-82A6-9DA5FBFBEA64}.Debug|Any CPU.ActiveCfg = Debug|Any CPU
		{4652837F-C04F-4CDB-82A6-9DA5FBFBEA64}.Debug|Any CPU.Build.0 = Debug|Any CPU
		{4652837F-C04F-4CDB-82A6-9DA5FBFBEA64}.Release|Any CPU.ActiveCfg = Release|Any CPU
		{4652837F-C04F-4CDB-82A6-9DA5FBFBEA64}.Release|Any CPU.Build.0 = Release|Any CPU
		{0004C632-7B8C-4B8C-9466-22CA8A3DF4BB}.Debug|Any CPU.ActiveCfg = Debug|Any CPU
		{0004C632-7B8C-4B8C-9466-22CA8A3DF4BB}.Debug|Any CPU.Build.0 = Debug|Any CPU
		{0004C632-7B8C-4B8C-9466-22CA8A3DF4BB}.Release|Any CPU.ActiveCfg = Release|Any CPU
		{0004C632-7B8C-4B8C-9466-22CA8A3DF4BB}.Release|Any CPU.Build.0 = Release|Any CPU
		{9C522A7E-98C5-491D-89E4-860B8C53FB0E}.Debug|Any CPU.ActiveCfg = Debug|Any CPU
		{9C522A7E-98C5-491D-89E4-860B8C53FB0E}.Debug|Any CPU.Build.0 = Debug|Any CPU
		{9C522A7E-98C5-491D-89E4-860B8C53FB0E}.Release|Any CPU.ActiveCfg = Release|Any CPU
		{9C522A7E-98C5-491D-89E4-860B8C53FB0E}.Release|Any CPU.Build.0 = Release|Any CPU
		{ADF1B8C1-ECF8-4B91-AC50-1F21DFF0AC03}.Debug|Any CPU.ActiveCfg = Debug|Any CPU
		{ADF1B8C1-ECF8-4B91-AC50-1F21DFF0AC03}.Release|Any CPU.ActiveCfg = Release|Any CPU
		{0B77FD9C-8078-41DD-96AF-1745EC7AC34F}.Debug|Any CPU.ActiveCfg = Debug|Any CPU
		{0B77FD9C-8078-41DD-96AF-1745EC7AC34F}.Debug|Any CPU.Build.0 = Debug|Any CPU
		{0B77FD9C-8078-41DD-96AF-1745EC7AC34F}.Release|Any CPU.ActiveCfg = Release|Any CPU
		{0B77FD9C-8078-41DD-96AF-1745EC7AC34F}.Release|Any CPU.Build.0 = Release|Any CPU
		{E71FDB41-A75C-4DB5-A881-9D407CDA18E9}.Debug|Any CPU.ActiveCfg = Debug|Any CPU
		{E71FDB41-A75C-4DB5-A881-9D407CDA18E9}.Debug|Any CPU.Build.0 = Debug|Any CPU
		{E71FDB41-A75C-4DB5-A881-9D407CDA18E9}.Release|Any CPU.ActiveCfg = Release|Any CPU
		{E71FDB41-A75C-4DB5-A881-9D407CDA18E9}.Release|Any CPU.Build.0 = Release|Any CPU
		{7A0141E0-52B8-4A38-994D-7B2D3B41E94E}.Debug|Any CPU.ActiveCfg = Debug|Any CPU
		{7A0141E0-52B8-4A38-994D-7B2D3B41E94E}.Debug|Any CPU.Build.0 = Debug|Any CPU
		{7A0141E0-52B8-4A38-994D-7B2D3B41E94E}.Release|Any CPU.ActiveCfg = Release|Any CPU
		{7A0141E0-52B8-4A38-994D-7B2D3B41E94E}.Release|Any CPU.Build.0 = Release|Any CPU
		{E8D09810-1603-4142-AC4C-88700EC1A389}.Debug|Any CPU.ActiveCfg = Debug|Any CPU
		{E8D09810-1603-4142-AC4C-88700EC1A389}.Debug|Any CPU.Build.0 = Debug|Any CPU
		{E8D09810-1603-4142-AC4C-88700EC1A389}.Release|Any CPU.ActiveCfg = Release|Any CPU
		{E8D09810-1603-4142-AC4C-88700EC1A389}.Release|Any CPU.Build.0 = Release|Any CPU
		{9D3990EA-5CC2-45B5-AEEC-9F56E2223670}.Debug|Any CPU.ActiveCfg = Debug|Any CPU
		{9D3990EA-5CC2-45B5-AEEC-9F56E2223670}.Debug|Any CPU.Build.0 = Debug|Any CPU
		{9D3990EA-5CC2-45B5-AEEC-9F56E2223670}.Release|Any CPU.ActiveCfg = Release|Any CPU
		{9D3990EA-5CC2-45B5-AEEC-9F56E2223670}.Release|Any CPU.Build.0 = Release|Any CPU
		{B946D7AF-4BF5-424F-B372-060DCD37FBA3}.Debug|Any CPU.ActiveCfg = Debug|Any CPU
		{B946D7AF-4BF5-424F-B372-060DCD37FBA3}.Debug|Any CPU.Build.0 = Debug|Any CPU
		{B946D7AF-4BF5-424F-B372-060DCD37FBA3}.Release|Any CPU.ActiveCfg = Release|Any CPU
		{B946D7AF-4BF5-424F-B372-060DCD37FBA3}.Release|Any CPU.Build.0 = Release|Any CPU
		{2708DD81-9C06-422A-A135-C2478E9A7B27}.Debug|Any CPU.ActiveCfg = Debug|Any CPU
		{2708DD81-9C06-422A-A135-C2478E9A7B27}.Debug|Any CPU.Build.0 = Debug|Any CPU
		{2708DD81-9C06-422A-A135-C2478E9A7B27}.Release|Any CPU.ActiveCfg = Release|Any CPU
		{2708DD81-9C06-422A-A135-C2478E9A7B27}.Release|Any CPU.Build.0 = Release|Any CPU
	EndGlobalSection
	GlobalSection(SolutionProperties) = preSolution
		HideSolutionNode = FALSE
	EndGlobalSection
	GlobalSection(NestedProjects) = preSolution
		{4652837F-C04F-4CDB-82A6-9DA5FBFBEA64} = {7CFC7C26-EDB7-4B82-948C-6CB52A26BE1B}
		{0004C632-7B8C-4B8C-9466-22CA8A3DF4BB} = {149A0717-EF28-4A3F-9489-DA3D7EADCBE5}
		{9C522A7E-98C5-491D-89E4-860B8C53FB0E} = {149A0717-EF28-4A3F-9489-DA3D7EADCBE5}
		{ADF1B8C1-ECF8-4B91-AC50-1F21DFF0AC03} = {149A0717-EF28-4A3F-9489-DA3D7EADCBE5}
		{0B77FD9C-8078-41DD-96AF-1745EC7AC34F} = {CB3932DF-FD92-401F-A89E-3C89366EEA16}
		{E71FDB41-A75C-4DB5-A881-9D407CDA18E9} = {CB3932DF-FD92-401F-A89E-3C89366EEA16}
		{E8D09810-1603-4142-AC4C-88700EC1A389} = {CB3932DF-FD92-401F-A89E-3C89366EEA16}
		{F601CF11-463F-4EDB-8804-9B7EFC4B750F} = {042D9792-4F81-4DC9-B641-BDBB56E167D2}
		{9D3990EA-5CC2-45B5-AEEC-9F56E2223670} = {F601CF11-463F-4EDB-8804-9B7EFC4B750F}
		{B946D7AF-4BF5-424F-B372-060DCD37FBA3} = {F601CF11-463F-4EDB-8804-9B7EFC4B750F}
	EndGlobalSection
	GlobalSection(ExtensibilityGlobals) = postSolution
		SolutionGuid = {958695C1-83CB-4034-BEEC-182A00A5199A}
	EndGlobalSection
EndGlobal
